
Microsoft Visual Studio Solution File, Format Version 12.00
# Visual Studio Version 16
VisualStudioVersion = 16.0.31702.278
MinimumVisualStudioVersion = 10.0.40219.1
Project("{FAE04EC0-301F-11D3-BF4B-00C04F79EFBC}") = "AppClientes.Android", "AppClientes\AppClientes.Android\AppClientes.Android.csproj", "{86AFAA8A-80D7-4C3B-A92E-A7F4B91EBD2E}"
EndProject
Project("{FAE04EC0-301F-11D3-BF4B-00C04F79EFBC}") = "AppClientes", "AppClientes\AppClientes\AppClientes.csproj", "{30D2EABE-CEC7-4A7E-9744-6BC18F898FBB}"
EndProject
Global
	GlobalSection(SolutionConfigurationPlatforms) = preSolution
		Debug|Any CPU = Debug|Any CPU
		Release|Any CPU = Release|Any CPU
	EndGlobalSection
	GlobalSection(ProjectConfigurationPlatforms) = postSolution
		{86AFAA8A-80D7-4C3B-A92E-A7F4B91EBD2E}.Debug|Any CPU.ActiveCfg = Debug|Any CPU
		{86AFAA8A-80D7-4C3B-A92E-A7F4B91EBD2E}.Debug|Any CPU.Build.0 = Debug|Any CPU
		{86AFAA8A-80D7-4C3B-A92E-A7F4B91EBD2E}.Debug|Any CPU.Deploy.0 = Debug|Any CPU
		{86AFAA8A-80D7-4C3B-A92E-A7F4B91EBD2E}.Release|Any CPU.ActiveCfg = Release|Any CPU
		{86AFAA8A-80D7-4C3B-A92E-A7F4B91EBD2E}.Release|Any CPU.Build.0 = Release|Any CPU
		{86AFAA8A-80D7-4C3B-A92E-A7F4B91EBD2E}.Release|Any CPU.Deploy.0 = Release|Any CPU
		{30D2EABE-CEC7-4A7E-9744-6BC18F898FBB}.Debug|Any CPU.ActiveCfg = Debug|Any CPU
		{30D2EABE-CEC7-4A7E-9744-6BC18F898FBB}.Debug|Any CPU.Build.0 = Debug|Any CPU
		{30D2EABE-CEC7-4A7E-9744-6BC18F898FBB}.Debug|Any CPU.Deploy.0 = Debug|Any CPU
		{30D2EABE-CEC7-4A7E-9744-6BC18F898FBB}.Release|Any CPU.ActiveCfg = Release|Any CPU
		{30D2EABE-CEC7-4A7E-9744-6BC18F898FBB}.Release|Any CPU.Build.0 = Release|Any CPU
		{30D2EABE-CEC7-4A7E-9744-6BC18F898FBB}.Release|Any CPU.Deploy.0 = Release|Any CPU
	EndGlobalSection
	GlobalSection(SolutionProperties) = preSolution
		HideSolutionNode = FALSE
	EndGlobalSection
	GlobalSection(ExtensibilityGlobals) = postSolution
		SolutionGuid = {772F5226-1B0F-4FE8-847E-DC487928DDD9}
	EndGlobalSection
EndGlobal
